
Microsoft Visual Studio Solution File, Format Version 12.00
# Visual Studio 15
VisualStudioVersion = 15.0.26730.10
MinimumVisualStudioVersion = 10.0.40219.1
Project("{FAE04EC0-301F-11D3-BF4B-00C04F79EFBC}") = "HolaMundo", "HolaMundo\HolaMundo.csproj", "{FF14ED18-0128-4EA9-8FAD-90E98CD7D6D6}"
EndProject
Project("{FAE04EC0-301F-11D3-BF4B-00C04F79EFBC}") = "Saludo", "Saludo\Saludo.csproj", "{F7892A6E-987B-41DF-BF44-2AC76F44D460}"
EndProject
Project("{FAE04EC0-301F-11D3-BF4B-00C04F79EFBC}") = "EdadLegal", "EdadLegal\EdadLegal.csproj", "{CCDAA8FE-B321-4D0E-B6D2-D2985D1D159A}"
EndProject
Project("{FAE04EC0-301F-11D3-BF4B-00C04F79EFBC}") = "Valoraciones", "Valoraciones\Valoraciones.csproj", "{804A99B5-D29F-46DE-BE68-5742D040BAE7}"
EndProject
Project("{FAE04EC0-301F-11D3-BF4B-00C04F79EFBC}") = "Valoraciones.Test", "Valoraciones.Test\Valoraciones.Test.csproj", "{930E3F59-D65E-4AAD-87F5-2454F5C6C31D}"
EndProject
Global
	GlobalSection(SolutionConfigurationPlatforms) = preSolution
		Debug|Any CPU = Debug|Any CPU
		Release|Any CPU = Release|Any CPU
	EndGlobalSection
	GlobalSection(ProjectConfigurationPlatforms) = postSolution
		{FF14ED18-0128-4EA9-8FAD-90E98CD7D6D6}.Debug|Any CPU.ActiveCfg = Debug|Any CPU
		{FF14ED18-0128-4EA9-8FAD-90E98CD7D6D6}.Debug|Any CPU.Build.0 = Debug|Any CPU
		{FF14ED18-0128-4EA9-8FAD-90E98CD7D6D6}.Release|Any CPU.ActiveCfg = Release|Any CPU
		{FF14ED18-0128-4EA9-8FAD-90E98CD7D6D6}.Release|Any CPU.Build.0 = Release|Any CPU
		{F7892A6E-987B-41DF-BF44-2AC76F44D460}.Debug|Any CPU.ActiveCfg = Debug|Any CPU
		{F7892A6E-987B-41DF-BF44-2AC76F44D460}.Debug|Any CPU.Build.0 = Debug|Any CPU
		{F7892A6E-987B-41DF-BF44-2AC76F44D460}.Release|Any CPU.ActiveCfg = Release|Any CPU
		{F7892A6E-987B-41DF-BF44-2AC76F44D460}.Release|Any CPU.Build.0 = Release|Any CPU
		{CCDAA8FE-B321-4D0E-B6D2-D2985D1D159A}.Debug|Any CPU.ActiveCfg = Debug|Any CPU
		{CCDAA8FE-B321-4D0E-B6D2-D2985D1D159A}.Debug|Any CPU.Build.0 = Debug|Any CPU
		{CCDAA8FE-B321-4D0E-B6D2-D2985D1D159A}.Release|Any CPU.ActiveCfg = Release|Any CPU
		{CCDAA8FE-B321-4D0E-B6D2-D2985D1D159A}.Release|Any CPU.Build.0 = Release|Any CPU
		{804A99B5-D29F-46DE-BE68-5742D040BAE7}.Debug|Any CPU.ActiveCfg = Debug|Any CPU
		{804A99B5-D29F-46DE-BE68-5742D040BAE7}.Debug|Any CPU.Build.0 = Debug|Any CPU
		{804A99B5-D29F-46DE-BE68-5742D040BAE7}.Release|Any CPU.ActiveCfg = Release|Any CPU
		{804A99B5-D29F-46DE-BE68-5742D040BAE7}.Release|Any CPU.Build.0 = Release|Any CPU
		{930E3F59-D65E-4AAD-87F5-2454F5C6C31D}.Debug|Any CPU.ActiveCfg = Debug|Any CPU
		{930E3F59-D65E-4AAD-87F5-2454F5C6C31D}.Debug|Any CPU.Build.0 = Debug|Any CPU
		{930E3F59-D65E-4AAD-87F5-2454F5C6C31D}.Release|Any CPU.ActiveCfg = Release|Any CPU
		{930E3F59-D65E-4AAD-87F5-2454F5C6C31D}.Release|Any CPU.Build.0 = Release|Any CPU
	EndGlobalSection
	GlobalSection(SolutionProperties) = preSolution
		HideSolutionNode = FALSE
	EndGlobalSection
	GlobalSection(ExtensibilityGlobals) = postSolution
		SolutionGuid = {8342CB3D-1EFF-4A3B-B47A-81A602548EEC}
	EndGlobalSection
EndGlobal
